
Microsoft Visual Studio Solution File, Format Version 12.00
# Visual Studio 15
VisualStudioVersion = 15.0.28307.329
MinimumVisualStudioVersion = 10.0.40219.1
Project("{FAE04EC0-301F-11D3-BF4B-00C04F79EFBC}") = "MvvmDemoApp.Android", "MvvmDemoApp\MvvmDemoApp.Android\MvvmDemoApp.Android.csproj", "{BF3DF72E-B236-431F-96B4-85625CA316EC}"
EndProject
Project("{FAE04EC0-301F-11D3-BF4B-00C04F79EFBC}") = "MvvmDemoApp.iOS", "MvvmDemoApp\MvvmDemoApp.iOS\MvvmDemoApp.iOS.csproj", "{459E67AB-3DFA-4C72-A50F-D2179C99FD52}"
EndProject
Project("{FAE04EC0-301F-11D3-BF4B-00C04F79EFBC}") = "MvvmDemoApp", "MvvmDemoApp\MvvmDemoApp\MvvmDemoApp.csproj", "{2F2F1B88-2807-4A1B-83B8-44297A46F96D}"
EndProject
Global
	GlobalSection(SolutionConfigurationPlatforms) = preSolution
		Ad-Hoc|Any CPU = Ad-Hoc|Any CPU
		Ad-Hoc|iPhone = Ad-Hoc|iPhone
		Ad-Hoc|iPhoneSimulator = Ad-Hoc|iPhoneSimulator
		AppStore|Any CPU = AppStore|Any CPU
		AppStore|iPhone = AppStore|iPhone
		AppStore|iPhoneSimulator = AppStore|iPhoneSimulator
		Debug|Any CPU = Debug|Any CPU
		Debug|iPhone = Debug|iPhone
		Debug|iPhoneSimulator = Debug|iPhoneSimulator
		Release|Any CPU = Release|Any CPU
		Release|iPhone = Release|iPhone
		Release|iPhoneSimulator = Release|iPhoneSimulator
	EndGlobalSection
	GlobalSection(ProjectConfigurationPlatforms) = postSolution
		{BF3DF72E-B236-431F-96B4-85625CA316EC}.Ad-Hoc|Any CPU.ActiveCfg = Release|Any CPU
		{BF3DF72E-B236-431F-96B4-85625CA316EC}.Ad-Hoc|Any CPU.Build.0 = Release|Any CPU
		{BF3DF72E-B236-431F-96B4-85625CA316EC}.Ad-Hoc|Any CPU.Deploy.0 = Release|Any CPU
		{BF3DF72E-B236-431F-96B4-85625CA316EC}.Ad-Hoc|iPhone.ActiveCfg = Release|Any CPU
		{BF3DF72E-B236-431F-96B4-85625CA316EC}.Ad-Hoc|iPhone.Build.0 = Release|Any CPU
		{BF3DF72E-B236-431F-96B4-85625CA316EC}.Ad-Hoc|iPhone.Deploy.0 = Release|Any CPU
		{BF3DF72E-B236-431F-96B4-85625CA316EC}.Ad-Hoc|iPhoneSimulator.ActiveCfg = Release|Any CPU
		{BF3DF72E-B236-431F-96B4-85625CA316EC}.Ad-Hoc|iPhoneSimulator.Build.0 = Release|Any CPU
		{BF3DF72E-B236-431F-96B4-85625CA316EC}.Ad-Hoc|iPhoneSimulator.Deploy.0 = Release|Any CPU
		{BF3DF72E-B236-431F-96B4-85625CA316EC}.AppStore|Any CPU.ActiveCfg = Release|Any CPU
		{BF3DF72E-B236-431F-96B4-85625CA316EC}.AppStore|Any CPU.Build.0 = Release|Any CPU
		{BF3DF72E-B236-431F-96B4-85625CA316EC}.AppStore|Any CPU.Deploy.0 = Release|Any CPU
		{BF3DF72E-B236-431F-96B4-85625CA316EC}.AppStore|iPhone.ActiveCfg = Release|Any CPU
		{BF3DF72E-B236-431F-96B4-85625CA316EC}.AppStore|iPhone.Build.0 = Release|Any CPU
		{BF3DF72E-B236-431F-96B4-85625CA316EC}.AppStore|iPhone.Deploy.0 = Release|Any CPU
		{BF3DF72E-B236-431F-96B4-85625CA316EC}.AppStore|iPhoneSimulator.ActiveCfg = Release|Any CPU
		{BF3DF72E-B236-431F-96B4-85625CA316EC}.AppStore|iPhoneSimulator.Build.0 = Release|Any CPU
		{BF3DF72E-B236-431F-96B4-85625CA316EC}.AppStore|iPhoneSimulator.Deploy.0 = Release|Any CPU
		{BF3DF72E-B236-431F-96B4-85625CA316EC}.Debug|Any CPU.ActiveCfg = Debug|Any CPU
		{BF3DF72E-B236-431F-96B4-85625CA316EC}.Debug|Any CPU.Build.0 = Debug|Any CPU
		{BF3DF72E-B236-431F-96B4-85625CA316EC}.Debug|Any CPU.Deploy.0 = Debug|Any CPU
		{BF3DF72E-B236-431F-96B4-85625CA316EC}.Debug|iPhone.ActiveCfg = Debug|Any CPU
		{BF3DF72E-B236-431F-96B4-85625CA316EC}.Debug|iPhone.Build.0 = Debug|Any CPU
		{BF3DF72E-B236-431F-96B4-85625CA316EC}.Debug|iPhone.Deploy.0 = Debug|Any CPU
		{BF3DF72E-B236-431F-96B4-85625CA316EC}.Debug|iPhoneSimulator.ActiveCfg = Debug|Any CPU
		{BF3DF72E-B236-431F-96B4-85625CA316EC}.Debug|iPhoneSimulator.Build.0 = Debug|Any CPU
		{BF3DF72E-B236-431F-96B4-85625CA316EC}.Debug|iPhoneSimulator.Deploy.0 = Debug|Any CPU
		{BF3DF72E-B236-431F-96B4-85625CA316EC}.Release|Any CPU.ActiveCfg = Release|Any CPU
		{BF3DF72E-B236-431F-96B4-85625CA316EC}.Release|Any CPU.Build.0 = Release|Any CPU
		{BF3DF72E-B236-431F-96B4-85625CA316EC}.Release|Any CPU.Deploy.0 = Release|Any CPU
		{BF3DF72E-B236-431F-96B4-85625CA316EC}.Release|iPhone.ActiveCfg = Release|Any CPU
		{BF3DF72E-B236-431F-96B4-85625CA316EC}.Release|iPhone.Build.0 = Release|Any CPU
		{BF3DF72E-B236-431F-96B4-85625CA316EC}.Release|iPhone.Deploy.0 = Release|Any CPU
		{BF3DF72E-B236-431F-96B4-85625CA316EC}.Release|iPhoneSimulator.ActiveCfg = Release|Any CPU
		{BF3DF72E-B236-431F-96B4-85625CA316EC}.Release|iPhoneSimulator.Build.0 = Release|Any CPU
		{BF3DF72E-B236-431F-96B4-85625CA316EC}.Release|iPhoneSimulator.Deploy.0 = Release|Any CPU
		{459E67AB-3DFA-4C72-A50F-D2179C99FD52}.Ad-Hoc|Any CPU.ActiveCfg = Ad-Hoc|iPhone
		{459E67AB-3DFA-4C72-A50F-D2179C99FD52}.Ad-Hoc|Any CPU.Build.0 = Ad-Hoc|iPhone
		{459E67AB-3DFA-4C72-A50F-D2179C99FD52}.Ad-Hoc|Any CPU.Deploy.0 = Ad-Hoc|iPhone
		{459E67AB-3DFA-4C72-A50F-D2179C99FD52}.Ad-Hoc|iPhone.ActiveCfg = Ad-Hoc|iPhone
		{459E67AB-3DFA-4C72-A50F-D2179C99FD52}.Ad-Hoc|iPhone.Build.0 = Ad-Hoc|iPhone
		{459E67AB-3DFA-4C72-A50F-D2179C99FD52}.Ad-Hoc|iPhone.Deploy.0 = Ad-Hoc|iPhone
		{459E67AB-3DFA-4C72-A50F-D2179C99FD52}.Ad-Hoc|iPhoneSimulator.ActiveCfg = Ad-Hoc|iPhoneSimulator
		{459E67AB-3DFA-4C72-A50F-D2179C99FD52}.Ad-Hoc|iPhoneSimulator.Build.0 = Ad-Hoc|iPhoneSimulator
		{459E67AB-3DFA-4C72-A50F-D2179C99FD52}.Ad-Hoc|iPhoneSimulator.Deploy.0 = Ad-Hoc|iPhoneSimulator
		{459E67AB-3DFA-4C72-A50F-D2179C99FD52}.AppStore|Any CPU.ActiveCfg = AppStore|iPhone
		{459E67AB-3DFA-4C72-A50F-D2179C99FD52}.AppStore|Any CPU.Build.0 = AppStore|iPhone
		{459E67AB-3DFA-4C72-A50F-D2179C99FD52}.AppStore|Any CPU.Deploy.0 = AppStore|iPhone
		{459E67AB-3DFA-4C72-A50F-D2179C99FD52}.AppStore|iPhone.ActiveCfg = AppStore|iPhone
		{459E67AB-3DFA-4C72-A50F-D2179C99FD52}.AppStore|iPhone.Build.0 = AppStore|iPhone
		{459E67AB-3DFA-4C72-A50F-D2179C99FD52}.AppStore|iPhone.Deploy.0 = AppStore|iPhone
		{459E67AB-3DFA-4C72-A50F-D2179C99FD52}.AppStore|iPhoneSimulator.ActiveCfg = AppStore|iPhoneSimulator
		{459E67AB-3DFA-4C72-A50F-D2179C99FD52}.AppStore|iPhoneSimulator.Build.0 = AppStore|iPhoneSimulator
		{459E67AB-3DFA-4C72-A50F-D2179C99FD52}.AppStore|iPhoneSimulator.Deploy.0 = AppStore|iPhoneSimulator
		{459E67AB-3DFA-4C72-A50F-D2179C99FD52}.Debug|Any CPU.ActiveCfg = Debug|iPhoneSimulator
		{459E67AB-3DFA-4C72-A50F-D2179C99FD52}.Debug|Any CPU.Build.0 = Debug|iPhoneSimulator
		{459E67AB-3DFA-4C72-A50F-D2179C99FD52}.Debug|Any CPU.Deploy.0 = Debug|iPhoneSimulator
		{459E67AB-3DFA-4C72-A50F-D2179C99FD52}.Debug|iPhone.ActiveCfg = Debug|iPhone
		{459E67AB-3DFA-4C72-A50F-D2179C99FD52}.Debug|iPhone.Build.0 = Debug|iPhone
		{459E67AB-3DFA-4C72-A50F-D2179C99FD52}.Debug|iPhone.Deploy.0 = Debug|iPhone
		{459E67AB-3DFA-4C72-A50F-D2179C99FD52}.Debug|iPhoneSimulator.ActiveCfg = Debug|iPhoneSimulator
		{459E67AB-3DFA-4C72-A50F-D2179C99FD52}.Debug|iPhoneSimulator.Build.0 = Debug|iPhoneSimulator
		{459E67AB-3DFA-4C72-A50F-D2179C99FD52}.Debug|iPhoneSimulator.Deploy.0 = Debug|iPhoneSimulator
		{459E67AB-3DFA-4C72-A50F-D2179C99FD52}.Release|Any CPU.ActiveCfg = Release|iPhone
		{459E67AB-3DFA-4C72-A50F-D2179C99FD52}.Release|Any CPU.Build.0 = Release|iPhone
		{459E67AB-3DFA-4C72-A50F-D2179C99FD52}.Release|Any CPU.Deploy.0 = Release|iPhone
		{459E67AB-3DFA-4C72-A50F-D2179C99FD52}.Release|iPhone.ActiveCfg = Release|iPhone
		{459E67AB-3DFA-4C72-A50F-D2179C99FD52}.Release|iPhone.Build.0 = Release|iPhone
		{459E67AB-3DFA-4C72-A50F-D2179C99FD52}.Release|iPhone.Deploy.0 = Release|iPhone
		{459E67AB-3DFA-4C72-A50F-D2179C99FD52}.Release|iPhoneSimulator.ActiveCfg = Release|iPhoneSimulator
		{459E67AB-3DFA-4C72-A50F-D2179C99FD52}.Release|iPhoneSimulator.Build.0 = Release|iPhoneSimulator
		{459E67AB-3DFA-4C72-A50F-D2179C99FD52}.Release|iPhoneSimulator.Deploy.0 = Release|iPhoneSimulator
		{2F2F1B88-2807-4A1B-83B8-44297A46F96D}.Ad-Hoc|Any CPU.ActiveCfg = Debug|Any CPU
		{2F2F1B88-2807-4A1B-83B8-44297A46F96D}.Ad-Hoc|Any CPU.Build.0 = Debug|Any CPU
		{2F2F1B88-2807-4A1B-83B8-44297A46F96D}.Ad-Hoc|Any CPU.Deploy.0 = Debug|Any CPU
		{2F2F1B88-2807-4A1B-83B8-44297A46F96D}.Ad-Hoc|iPhone.ActiveCfg = Debug|Any CPU
		{2F2F1B88-2807-4A1B-83B8-44297A46F96D}.Ad-Hoc|iPhone.Build.0 = Debug|Any CPU
		{2F2F1B88-2807-4A1B-83B8-44297A46F96D}.Ad-Hoc|iPhone.Deploy.0 = Debug|Any CPU
		{2F2F1B88-2807-4A1B-83B8-44297A46F96D}.Ad-Hoc|iPhoneSimulator.ActiveCfg = Debug|Any CPU
		{2F2F1B88-2807-4A1B-83B8-44297A46F96D}.Ad-Hoc|iPhoneSimulator.Build.0 = Debug|Any CPU
		{2F2F1B88-2807-4A1B-83B8-44297A46F96D}.Ad-Hoc|iPhoneSimulator.Deploy.0 = Debug|Any CPU
		{2F2F1B88-2807-4A1B-83B8-44297A46F96D}.AppStore|Any CPU.ActiveCfg = Debug|Any CPU
		{2F2F1B88-2807-4A1B-83B8-44297A46F96D}.AppStore|Any CPU.Build.0 = Debug|Any CPU
		{2F2F1B88-2807-4A1B-83B8-44297A46F96D}.AppStore|Any CPU.Deploy.0 = Debug|Any CPU
		{2F2F1B88-2807-4A1B-83B8-44297A46F96D}.AppStore|iPhone.ActiveCfg = Debug|Any CPU
		{2F2F1B88-2807-4A1B-83B8-44297A46F96D}.AppStore|iPhone.Build.0 = Debug|Any CPU
		{2F2F1B88-2807-4A1B-83B8-44297A46F96D}.AppStore|iPhone.Deploy.0 = Debug|Any CPU
		{2F2F1B88-2807-4A1B-83B8-44297A46F96D}.AppStore|iPhoneSimulator.ActiveCfg = Debug|Any CPU
		{2F2F1B88-2807-4A1B-83B8-44297A46F96D}.AppStore|iPhoneSimulator.Build.0 = Debug|Any CPU
		{2F2F1B88-2807-4A1B-83B8-44297A46F96D}.AppStore|iPhoneSimulator.Deploy.0 = Debug|Any CPU
		{2F2F1B88-2807-4A1B-83B8-44297A46F96D}.Debug|Any CPU.ActiveCfg = Debug|Any CPU
		{2F2F1B88-2807-4A1B-83B8-44297A46F96D}.Debug|Any CPU.Build.0 = Debug|Any CPU
		{2F2F1B88-2807-4A1B-83B8-44297A46F96D}.Debug|Any CPU.Deploy.0 = Debug|Any CPU
		{2F2F1B88-2807-4A1B-83B8-44297A46F96D}.Debug|iPhone.ActiveCfg = Debug|Any CPU
		{2F2F1B88-2807-4A1B-83B8-44297A46F96D}.Debug|iPhone.Build.0 = Debug|Any CPU
		{2F2F1B88-2807-4A1B-83B8-44297A46F96D}.Debug|iPhone.Deploy.0 = Debug|Any CPU
		{2F2F1B88-2807-4A1B-83B8-44297A46F96D}.Debug|iPhoneSimulator.ActiveCfg = Debug|Any CPU
		{2F2F1B88-2807-4A1B-83B8-44297A46F96D}.Debug|iPhoneSimulator.Build.0 = Debug|Any CPU
		{2F2F1B88-2807-4A1B-83B8-44297A46F96D}.Debug|iPhoneSimulator.Deploy.0 = Debug|Any CPU
		{2F2F1B88-2807-4A1B-83B8-44297A46F96D}.Release|Any CPU.ActiveCfg = Release|Any CPU
		{2F2F1B88-2807-4A1B-83B8-44297A46F96D}.Release|Any CPU.Build.0 = Release|Any CPU
		{2F2F1B88-2807-4A1B-83B8-44297A46F96D}.Release|Any CPU.Deploy.0 = Release|Any CPU
		{2F2F1B88-2807-4A1B-83B8-44297A46F96D}.Release|iPhone.ActiveCfg = Release|Any CPU
		{2F2F1B88-2807-4A1B-83B8-44297A46F96D}.Release|iPhone.Build.0 = Release|Any CPU
		{2F2F1B88-2807-4A1B-83B8-44297A46F96D}.Release|iPhone.Deploy.0 = Release|Any CPU
		{2F2F1B88-2807-4A1B-83B8-44297A46F96D}.Release|iPhoneSimulator.ActiveCfg = Release|Any CPU
		{2F2F1B88-2807-4A1B-83B8-44297A46F96D}.Release|iPhoneSimulator.Build.0 = Release|Any CPU
		{2F2F1B88-2807-4A1B-83B8-44297A46F96D}.Release|iPhoneSimulator.Deploy.0 = Release|Any CPU
	EndGlobalSection
	GlobalSection(SolutionProperties) = preSolution
		HideSolutionNode = FALSE
	EndGlobalSection
	GlobalSection(ExtensibilityGlobals) = postSolution
		SolutionGuid = {BE237CE1-A7B1-4955-B5A3-8C8CA5C79238}
	EndGlobalSection
EndGlobal
